
Microsoft Visual Studio Solution File, Format Version 12.00
# Visual Studio 15
VisualStudioVersion = 15.0.35714.111
MinimumVisualStudioVersion = 10.0.40219.1
Project("{FAE04EC0-301F-11D3-BF4B-00C04F79EFBC}") = "65064435_Week11", "65064435_Week11\65064435_Week11.csproj", "{CF1C2003-83F6-4D0D-BE9A-005202D61DFA}"
EndProject
Global
	GlobalSection(SolutionConfigurationPlatforms) = preSolution
		Debug|Any CPU = Debug|Any CPU
		Release|Any CPU = Release|Any CPU
	EndGlobalSection
	GlobalSection(ProjectConfigurationPlatforms) = postSolution
		{CF1C2003-83F6-4D0D-BE9A-005202D61DFA}.Debug|Any CPU.ActiveCfg = Debug|Any CPU
		{CF1C2003-83F6-4D0D-BE9A-005202D61DFA}.Debug|Any CPU.Build.0 = Debug|Any CPU
		{CF1C2003-83F6-4D0D-BE9A-005202D61DFA}.Release|Any CPU.ActiveCfg = Release|Any CPU
		{CF1C2003-83F6-4D0D-BE9A-005202D61DFA}.Release|Any CPU.Build.0 = Release|Any CPU
	EndGlobalSection
	GlobalSection(SolutionProperties) = preSolution
		HideSolutionNode = FALSE
	EndGlobalSection
	GlobalSection(ExtensibilityGlobals) = postSolution
		SolutionGuid = {5988DCB8-C074-49E7-929F-A7E500D298AF}
	EndGlobalSection
EndGlobal
