
Microsoft Visual Studio Solution File, Format Version 12.00
# Visual Studio 15
VisualStudioVersion = 15.0.35431.46
MinimumVisualStudioVersion = 10.0.40219.1
Project("{FAE04EC0-301F-11D3-BF4B-00C04F79EFBC}") = "65064495_Week7", "65064495_Week7\65064495_Week7.csproj", "{258A6A2B-B46F-471A-9B1E-81A5D0E1F536}"
EndProject
Global
	GlobalSection(SolutionConfigurationPlatforms) = preSolution
		Debug|Any CPU = Debug|Any CPU
		Release|Any CPU = Release|Any CPU
	EndGlobalSection
	GlobalSection(ProjectConfigurationPlatforms) = postSolution
		{258A6A2B-B46F-471A-9B1E-81A5D0E1F536}.Debug|Any CPU.ActiveCfg = Debug|Any CPU
		{258A6A2B-B46F-471A-9B1E-81A5D0E1F536}.Debug|Any CPU.Build.0 = Debug|Any CPU
		{258A6A2B-B46F-471A-9B1E-81A5D0E1F536}.Release|Any CPU.ActiveCfg = Release|Any CPU
		{258A6A2B-B46F-471A-9B1E-81A5D0E1F536}.Release|Any CPU.Build.0 = Release|Any CPU
	EndGlobalSection
	GlobalSection(SolutionProperties) = preSolution
		HideSolutionNode = FALSE
	EndGlobalSection
	GlobalSection(ExtensibilityGlobals) = postSolution
		SolutionGuid = {0551885E-6D09-4808-B26C-536E7809A931}
	EndGlobalSection
EndGlobal
